
Microsoft Visual Studio Solution File, Format Version 12.00
# Visual Studio Version 17
VisualStudioVersion = 17.11.35327.3
MinimumVisualStudioVersion = 10.0.40219.1
Project("{9A19103F-16F7-4668-BE54-9A1E7A4F7556}") = "Tests", "UnitTests\Tests.csproj", "{BA265818-C712-4D87-A165-A1CDDCC0948E}"
EndProject
Project("{9A19103F-16F7-4668-BE54-9A1E7A4F7556}") = "WebAPI", "WebAPI\WebAPI.csproj", "{F1818E0A-7B8F-43EF-B832-2DE228D1D93F}"
EndProject
Project("{9A19103F-16F7-4668-BE54-9A1E7A4F7556}") = "Common", "Common\Common.csproj", "{B41D46EB-4F23-4B92-81EF-C9B5C678DE07}"
EndProject
Project("{2150E333-8FDC-42A3-9474-1A3956D46DE8}") = "Sql_Files", "Sql_Files", "{9F75AE45-4B33-46E7-A562-B5895011BD03}"
	ProjectSection(SolutionItems) = preProject
		create.sql = create.sql
		insert.sql = insert.sql
	EndProjectSection
EndProject
Global
	GlobalSection(SolutionConfigurationPlatforms) = preSolution
		Debug|Any CPU = Debug|Any CPU
		Release|Any CPU = Release|Any CPU
	EndGlobalSection
	GlobalSection(ProjectConfigurationPlatforms) = postSolution
		{BA265818-C712-4D87-A165-A1CDDCC0948E}.Debug|Any CPU.ActiveCfg = Debug|Any CPU
		{BA265818-C712-4D87-A165-A1CDDCC0948E}.Debug|Any CPU.Build.0 = Debug|Any CPU
		{BA265818-C712-4D87-A165-A1CDDCC0948E}.Release|Any CPU.ActiveCfg = Release|Any CPU
		{BA265818-C712-4D87-A165-A1CDDCC0948E}.Release|Any CPU.Build.0 = Release|Any CPU
		{F1818E0A-7B8F-43EF-B832-2DE228D1D93F}.Debug|Any CPU.ActiveCfg = Debug|Any CPU
		{F1818E0A-7B8F-43EF-B832-2DE228D1D93F}.Debug|Any CPU.Build.0 = Debug|Any CPU
		{F1818E0A-7B8F-43EF-B832-2DE228D1D93F}.Release|Any CPU.ActiveCfg = Release|Any CPU
		{F1818E0A-7B8F-43EF-B832-2DE228D1D93F}.Release|Any CPU.Build.0 = Release|Any CPU
		{B41D46EB-4F23-4B92-81EF-C9B5C678DE07}.Debug|Any CPU.ActiveCfg = Debug|Any CPU
		{B41D46EB-4F23-4B92-81EF-C9B5C678DE07}.Debug|Any CPU.Build.0 = Debug|Any CPU
		{B41D46EB-4F23-4B92-81EF-C9B5C678DE07}.Release|Any CPU.ActiveCfg = Release|Any CPU
		{B41D46EB-4F23-4B92-81EF-C9B5C678DE07}.Release|Any CPU.Build.0 = Release|Any CPU
	EndGlobalSection
	GlobalSection(SolutionProperties) = preSolution
		HideSolutionNode = FALSE
	EndGlobalSection
	GlobalSection(ExtensibilityGlobals) = postSolution
		SolutionGuid = {F9E703A6-0A6C-444B-B7E1-A46A39684146}
	EndGlobalSection
EndGlobal
